
Microsoft Visual Studio Solution File, Format Version 12.00
# Visual Studio 2013
Project("{FAE04EC0-301F-11D3-BF4B-00C04F79EFBC}") = "EndlessRolling.CSharp", "EndlessRolling.CSharp.csproj", "{AF59101F-6883-BA0B-27DC-51FD65DF3E42}"
EndProject
Project("{FAE04EC0-301F-11D3-BF4B-00C04F79EFBC}") = "EndlessRolling.CSharp.Editor", "EndlessRolling.CSharp.Editor.csproj", "{DBE1B40E-E806-F75F-ABD8-306ECA278AC9}"
EndProject
Global
	GlobalSection(SolutionConfigurationPlatforms) = preSolution
		Debug|Any CPU = Debug|Any CPU
		Release|Any CPU = Release|Any CPU
	EndGlobalSection
	GlobalSection(ProjectConfigurationPlatforms) = postSolution
		{AF59101F-6883-BA0B-27DC-51FD65DF3E42}.Debug|Any CPU.ActiveCfg = Debug|Any CPU
		{AF59101F-6883-BA0B-27DC-51FD65DF3E42}.Debug|Any CPU.Build.0 = Debug|Any CPU
		{AF59101F-6883-BA0B-27DC-51FD65DF3E42}.Release|Any CPU.ActiveCfg = Release|Any CPU
		{AF59101F-6883-BA0B-27DC-51FD65DF3E42}.Release|Any CPU.Build.0 = Release|Any CPU
		{DBE1B40E-E806-F75F-ABD8-306ECA278AC9}.Debug|Any CPU.ActiveCfg = Debug|Any CPU
		{DBE1B40E-E806-F75F-ABD8-306ECA278AC9}.Debug|Any CPU.Build.0 = Debug|Any CPU
		{DBE1B40E-E806-F75F-ABD8-306ECA278AC9}.Release|Any CPU.ActiveCfg = Release|Any CPU
		{DBE1B40E-E806-F75F-ABD8-306ECA278AC9}.Release|Any CPU.Build.0 = Release|Any CPU
	EndGlobalSection
	GlobalSection(SolutionProperties) = preSolution
		HideSolutionNode = FALSE
	EndGlobalSection
EndGlobal
